
Microsoft Visual Studio Solution File, Format Version 12.00
# Visual Studio Version 16
VisualStudioVersion = 25.0.1706.13
MinimumVisualStudioVersion = 10.0.40219.1
Project("{FAE04EC0-301F-11D3-BF4B-00C04F79EFBC}") = "Core6", "Core6\Core6.csproj", "{5FBFA772-E4C2-464F-9503-D808A1484EA1}"
EndProject
Global
	GlobalSection(SolutionConfigurationPlatforms) = preSolution
		Debug|Any CPU = Debug|Any CPU
		Release|Any CPU = Release|Any CPU
	EndGlobalSection
	GlobalSection(ProjectConfigurationPlatforms) = postSolution
		{5FBFA772-E4C2-464F-9503-D808A1484EA1}.Debug|Any CPU.ActiveCfg = Debug|Any CPU
		{5FBFA772-E4C2-464F-9503-D808A1484EA1}.Debug|Any CPU.Build.0 = Debug|Any CPU
		{5FBFA772-E4C2-464F-9503-D808A1484EA1}.Release|Any CPU.ActiveCfg = Release|Any CPU
		{5FBFA772-E4C2-464F-9503-D808A1484EA1}.Release|Any CPU.Build.0 = Release|Any CPU
	EndGlobalSection
	GlobalSection(SolutionProperties) = preSolution
		HideSolutionNode = FALSE
	EndGlobalSection
	GlobalSection(ExtensibilityGlobals) = postSolution
		SolutionGuid = {86167926-4058-48FE-A7D5-71066C8C7C24}
	EndGlobalSection
EndGlobal
